
Microsoft Visual Studio Solution File, Format Version 12.00
# Visual Studio 14
VisualStudioVersion = 14.0.25420.1
MinimumVisualStudioVersion = 10.0.40219.1
Project("{FAE04EC0-301F-11D3-BF4B-00C04F79EFBC}") = "ContactsList", "ContactsList\ContactsList\ContactsList.csproj", "{AC339330-9AB6-49C3-96BA-995655CF56EC}"
EndProject
Project("{FAE04EC0-301F-11D3-BF4B-00C04F79EFBC}") = "ContactsList.Droid", "ContactsList\ContactsList.Droid\ContactsList.Droid.csproj", "{13F82F6C-5604-4498-9112-ADF8E8B5BC42}"
EndProject
Project("{FAE04EC0-301F-11D3-BF4B-00C04F79EFBC}") = "ContactsList.iOS", "ContactsList\ContactsList.iOS\ContactsList.iOS.csproj", "{D901F17B-3EAD-4E5A-80B4-B4D3D672A250}"
EndProject
Project("{FAE04EC0-301F-11D3-BF4B-00C04F79EFBC}") = "ContactsList.WinPhone", "ContactsList\ContactsList.WinPhone\ContactsList.WinPhone.csproj", "{4186F057-5B0A-4AE3-97A0-3E6B4E896E79}"
EndProject
Project("{FAE04EC0-301F-11D3-BF4B-00C04F79EFBC}") = "ContactsList.UWP", "ContactsList\ContactsList.UWP\ContactsList.UWP.csproj", "{646D6270-2C66-4080-877C-519C4F193E5A}"
EndProject
Project("{FAE04EC0-301F-11D3-BF4B-00C04F79EFBC}") = "ContactsList.Windows", "ContactsList\ContactsList.Windows\ContactsList.Windows.csproj", "{BB90DE44-AB4E-4353-812A-E9CF4B270098}"
EndProject
Global
	GlobalSection(SolutionConfigurationPlatforms) = preSolution
		Ad-Hoc|Any CPU = Ad-Hoc|Any CPU
		Ad-Hoc|ARM = Ad-Hoc|ARM
		Ad-Hoc|iPhone = Ad-Hoc|iPhone
		Ad-Hoc|iPhoneSimulator = Ad-Hoc|iPhoneSimulator
		Ad-Hoc|x64 = Ad-Hoc|x64
		Ad-Hoc|x86 = Ad-Hoc|x86
		AppStore|Any CPU = AppStore|Any CPU
		AppStore|ARM = AppStore|ARM
		AppStore|iPhone = AppStore|iPhone
		AppStore|iPhoneSimulator = AppStore|iPhoneSimulator
		AppStore|x64 = AppStore|x64
		AppStore|x86 = AppStore|x86
		Debug|Any CPU = Debug|Any CPU
		Debug|ARM = Debug|ARM
		Debug|iPhone = Debug|iPhone
		Debug|iPhoneSimulator = Debug|iPhoneSimulator
		Debug|x64 = Debug|x64
		Debug|x86 = Debug|x86
		Release|Any CPU = Release|Any CPU
		Release|ARM = Release|ARM
		Release|iPhone = Release|iPhone
		Release|iPhoneSimulator = Release|iPhoneSimulator
		Release|x64 = Release|x64
		Release|x86 = Release|x86
	EndGlobalSection
	GlobalSection(ProjectConfigurationPlatforms) = postSolution
		{AC339330-9AB6-49C3-96BA-995655CF56EC}.Ad-Hoc|Any CPU.ActiveCfg = Release|Any CPU
		{AC339330-9AB6-49C3-96BA-995655CF56EC}.Ad-Hoc|Any CPU.Build.0 = Release|Any CPU
		{AC339330-9AB6-49C3-96BA-995655CF56EC}.Ad-Hoc|ARM.ActiveCfg = Release|Any CPU
		{AC339330-9AB6-49C3-96BA-995655CF56EC}.Ad-Hoc|ARM.Build.0 = Release|Any CPU
		{AC339330-9AB6-49C3-96BA-995655CF56EC}.Ad-Hoc|iPhone.ActiveCfg = Release|Any CPU
		{AC339330-9AB6-49C3-96BA-995655CF56EC}.Ad-Hoc|iPhone.Build.0 = Release|Any CPU
		{AC339330-9AB6-49C3-96BA-995655CF56EC}.Ad-Hoc|iPhoneSimulator.ActiveCfg = Release|Any CPU
		{AC339330-9AB6-49C3-96BA-995655CF56EC}.Ad-Hoc|iPhoneSimulator.Build.0 = Release|Any CPU
		{AC339330-9AB6-49C3-96BA-995655CF56EC}.Ad-Hoc|x64.ActiveCfg = Release|Any CPU
		{AC339330-9AB6-49C3-96BA-995655CF56EC}.Ad-Hoc|x64.Build.0 = Release|Any CPU
		{AC339330-9AB6-49C3-96BA-995655CF56EC}.Ad-Hoc|x86.ActiveCfg = Release|Any CPU
		{AC339330-9AB6-49C3-96BA-995655CF56EC}.Ad-Hoc|x86.Build.0 = Release|Any CPU
		{AC339330-9AB6-49C3-96BA-995655CF56EC}.AppStore|Any CPU.ActiveCfg = Release|Any CPU
		{AC339330-9AB6-49C3-96BA-995655CF56EC}.AppStore|Any CPU.Build.0 = Release|Any CPU
		{AC339330-9AB6-49C3-96BA-995655CF56EC}.AppStore|ARM.ActiveCfg = Release|Any CPU
		{AC339330-9AB6-49C3-96BA-995655CF56EC}.AppStore|ARM.Build.0 = Release|Any CPU
		{AC339330-9AB6-49C3-96BA-995655CF56EC}.AppStore|iPhone.ActiveCfg = Release|Any CPU
		{AC339330-9AB6-49C3-96BA-995655CF56EC}.AppStore|iPhone.Build.0 = Release|Any CPU
		{AC339330-9AB6-49C3-96BA-995655CF56EC}.AppStore|iPhoneSimulator.ActiveCfg = Release|Any CPU
		{AC339330-9AB6-49C3-96BA-995655CF56EC}.AppStore|iPhoneSimulator.Build.0 = Release|Any CPU
		{AC339330-9AB6-49C3-96BA-995655CF56EC}.AppStore|x64.ActiveCfg = Release|Any CPU
		{AC339330-9AB6-49C3-96BA-995655CF56EC}.AppStore|x64.Build.0 = Release|Any CPU
		{AC339330-9AB6-49C3-96BA-995655CF56EC}.AppStore|x86.ActiveCfg = Release|Any CPU
		{AC339330-9AB6-49C3-96BA-995655CF56EC}.AppStore|x86.Build.0 = Release|Any CPU
		{AC339330-9AB6-49C3-96BA-995655CF56EC}.Debug|Any CPU.ActiveCfg = Debug|Any CPU
		{AC339330-9AB6-49C3-96BA-995655CF56EC}.Debug|Any CPU.Build.0 = Debug|Any CPU
		{AC339330-9AB6-49C3-96BA-995655CF56EC}.Debug|ARM.ActiveCfg = Debug|Any CPU
		{AC339330-9AB6-49C3-96BA-995655CF56EC}.Debug|ARM.Build.0 = Debug|Any CPU
		{AC339330-9AB6-49C3-96BA-995655CF56EC}.Debug|iPhone.ActiveCfg = Debug|Any CPU
		{AC339330-9AB6-49C3-96BA-995655CF56EC}.Debug|iPhone.Build.0 = Debug|Any CPU
		{AC339330-9AB6-49C3-96BA-995655CF56EC}.Debug|iPhoneSimulator.ActiveCfg = Debug|Any CPU
		{AC339330-9AB6-49C3-96BA-995655CF56EC}.Debug|iPhoneSimulator.Build.0 = Debug|Any CPU
		{AC339330-9AB6-49C3-96BA-995655CF56EC}.Debug|x64.ActiveCfg = Debug|Any CPU
		{AC339330-9AB6-49C3-96BA-995655CF56EC}.Debug|x64.Build.0 = Debug|Any CPU
		{AC339330-9AB6-49C3-96BA-995655CF56EC}.Debug|x86.ActiveCfg = Debug|Any CPU
		{AC339330-9AB6-49C3-96BA-995655CF56EC}.Debug|x86.Build.0 = Debug|Any CPU
		{AC339330-9AB6-49C3-96BA-995655CF56EC}.Release|Any CPU.ActiveCfg = Release|Any CPU
		{AC339330-9AB6-49C3-96BA-995655CF56EC}.Release|Any CPU.Build.0 = Release|Any CPU
		{AC339330-9AB6-49C3-96BA-995655CF56EC}.Release|ARM.ActiveCfg = Release|Any CPU
		{AC339330-9AB6-49C3-96BA-995655CF56EC}.Release|ARM.Build.0 = Release|Any CPU
		{AC339330-9AB6-49C3-96BA-995655CF56EC}.Release|iPhone.ActiveCfg = Release|Any CPU
		{AC339330-9AB6-49C3-96BA-995655CF56EC}.Release|iPhone.Build.0 = Release|Any CPU
		{AC339330-9AB6-49C3-96BA-995655CF56EC}.Release|iPhoneSimulator.ActiveCfg = Release|Any CPU
		{AC339330-9AB6-49C3-96BA-995655CF56EC}.Release|iPhoneSimulator.Build.0 = Release|Any CPU
		{AC339330-9AB6-49C3-96BA-995655CF56EC}.Release|x64.ActiveCfg = Release|Any CPU
		{AC339330-9AB6-49C3-96BA-995655CF56EC}.Release|x64.Build.0 = Release|Any CPU
		{AC339330-9AB6-49C3-96BA-995655CF56EC}.Release|x86.ActiveCfg = Release|Any CPU
		{AC339330-9AB6-49C3-96BA-995655CF56EC}.Release|x86.Build.0 = Release|Any CPU
		{13F82F6C-5604-4498-9112-ADF8E8B5BC42}.Ad-Hoc|Any CPU.ActiveCfg = Release|Any CPU
		{13F82F6C-5604-4498-9112-ADF8E8B5BC42}.Ad-Hoc|Any CPU.Build.0 = Release|Any CPU
		{13F82F6C-5604-4498-9112-ADF8E8B5BC42}.Ad-Hoc|Any CPU.Deploy.0 = Release|Any CPU
		{13F82F6C-5604-4498-9112-ADF8E8B5BC42}.Ad-Hoc|ARM.ActiveCfg = Release|Any CPU
		{13F82F6C-5604-4498-9112-ADF8E8B5BC42}.Ad-Hoc|ARM.Build.0 = Release|Any CPU
		{13F82F6C-5604-4498-9112-ADF8E8B5BC42}.Ad-Hoc|ARM.Deploy.0 = Release|Any CPU
		{13F82F6C-5604-4498-9112-ADF8E8B5BC42}.Ad-Hoc|iPhone.ActiveCfg = Release|Any CPU
		{13F82F6C-5604-4498-9112-ADF8E8B5BC42}.Ad-Hoc|iPhone.Build.0 = Release|Any CPU
		{13F82F6C-5604-4498-9112-ADF8E8B5BC42}.Ad-Hoc|iPhone.Deploy.0 = Release|Any CPU
		{13F82F6C-5604-4498-9112-ADF8E8B5BC42}.Ad-Hoc|iPhoneSimulator.ActiveCfg = Release|Any CPU
		{13F82F6C-5604-4498-9112-ADF8E8B5BC42}.Ad-Hoc|iPhoneSimulator.Build.0 = Release|Any CPU
		{13F82F6C-5604-4498-9112-ADF8E8B5BC42}.Ad-Hoc|iPhoneSimulator.Deploy.0 = Release|Any CPU
		{13F82F6C-5604-4498-9112-ADF8E8B5BC42}.Ad-Hoc|x64.ActiveCfg = Release|Any CPU
		{13F82F6C-5604-4498-9112-ADF8E8B5BC42}.Ad-Hoc|x64.Build.0 = Release|Any CPU
		{13F82F6C-5604-4498-9112-ADF8E8B5BC42}.Ad-Hoc|x64.Deploy.0 = Release|Any CPU
		{13F82F6C-5604-4498-9112-ADF8E8B5BC42}.Ad-Hoc|x86.ActiveCfg = Release|Any CPU
		{13F82F6C-5604-4498-9112-ADF8E8B5BC42}.Ad-Hoc|x86.Build.0 = Release|Any CPU
		{13F82F6C-5604-4498-9112-ADF8E8B5BC42}.Ad-Hoc|x86.Deploy.0 = Release|Any CPU
		{13F82F6C-5604-4498-9112-ADF8E8B5BC42}.AppStore|Any CPU.ActiveCfg = Release|Any CPU
		{13F82F6C-5604-4498-9112-ADF8E8B5BC42}.AppStore|Any CPU.Build.0 = Release|Any CPU
		{13F82F6C-5604-4498-9112-ADF8E8B5BC42}.AppStore|Any CPU.Deploy.0 = Release|Any CPU
		{13F82F6C-5604-4498-9112-ADF8E8B5BC42}.AppStore|ARM.ActiveCfg = Release|Any CPU
		{13F82F6C-5604-4498-9112-ADF8E8B5BC42}.AppStore|ARM.Build.0 = Release|Any CPU
		{13F82F6C-5604-4498-9112-ADF8E8B5BC42}.AppStore|ARM.Deploy.0 = Release|Any CPU
		{13F82F6C-5604-4498-9112-ADF8E8B5BC42}.AppStore|iPhone.ActiveCfg = Release|Any CPU
		{13F82F6C-5604-4498-9112-ADF8E8B5BC42}.AppStore|iPhone.Build.0 = Release|Any CPU
		{13F82F6C-5604-4498-9112-ADF8E8B5BC42}.AppStore|iPhone.Deploy.0 = Release|Any CPU
		{13F82F6C-5604-4498-9112-ADF8E8B5BC42}.AppStore|iPhoneSimulator.ActiveCfg = Release|Any CPU
		{13F82F6C-5604-4498-9112-ADF8E8B5BC42}.AppStore|iPhoneSimulator.Build.0 = Release|Any CPU
		{13F82F6C-5604-4498-9112-ADF8E8B5BC42}.AppStore|iPhoneSimulator.Deploy.0 = Release|Any CPU
		{13F82F6C-5604-4498-9112-ADF8E8B5BC42}.AppStore|x64.ActiveCfg = Release|Any CPU
		{13F82F6C-5604-4498-9112-ADF8E8B5BC42}.AppStore|x64.Build.0 = Release|Any CPU
		{13F82F6C-5604-4498-9112-ADF8E8B5BC42}.AppStore|x64.Deploy.0 = Release|Any CPU
		{13F82F6C-5604-4498-9112-ADF8E8B5BC42}.AppStore|x86.ActiveCfg = Release|Any CPU
		{13F82F6C-5604-4498-9112-ADF8E8B5BC42}.AppStore|x86.Build.0 = Release|Any CPU
		{13F82F6C-5604-4498-9112-ADF8E8B5BC42}.AppStore|x86.Deploy.0 = Release|Any CPU
		{13F82F6C-5604-4498-9112-ADF8E8B5BC42}.Debug|Any CPU.ActiveCfg = Debug|Any CPU
		{13F82F6C-5604-4498-9112-ADF8E8B5BC42}.Debug|Any CPU.Build.0 = Debug|Any CPU
		{13F82F6C-5604-4498-9112-ADF8E8B5BC42}.Debug|Any CPU.Deploy.0 = Debug|Any CPU
		{13F82F6C-5604-4498-9112-ADF8E8B5BC42}.Debug|ARM.ActiveCfg = Debug|Any CPU
		{13F82F6C-5604-4498-9112-ADF8E8B5BC42}.Debug|ARM.Build.0 = Debug|Any CPU
		{13F82F6C-5604-4498-9112-ADF8E8B5BC42}.Debug|ARM.Deploy.0 = Debug|Any CPU
		{13F82F6C-5604-4498-9112-ADF8E8B5BC42}.Debug|iPhone.ActiveCfg = Debug|Any CPU
		{13F82F6C-5604-4498-9112-ADF8E8B5BC42}.Debug|iPhone.Build.0 = Debug|Any CPU
		{13F82F6C-5604-4498-9112-ADF8E8B5BC42}.Debug|iPhone.Deploy.0 = Debug|Any CPU
		{13F82F6C-5604-4498-9112-ADF8E8B5BC42}.Debug|iPhoneSimulator.ActiveCfg = Debug|Any CPU
		{13F82F6C-5604-4498-9112-ADF8E8B5BC42}.Debug|iPhoneSimulator.Build.0 = Debug|Any CPU
		{13F82F6C-5604-4498-9112-ADF8E8B5BC42}.Debug|iPhoneSimulator.Deploy.0 = Debug|Any CPU
		{13F82F6C-5604-4498-9112-ADF8E8B5BC42}.Debug|x64.ActiveCfg = Debug|Any CPU
		{13F82F6C-5604-4498-9112-ADF8E8B5BC42}.Debug|x64.Build.0 = Debug|Any CPU
		{13F82F6C-5604-4498-9112-ADF8E8B5BC42}.Debug|x64.Deploy.0 = Debug|Any CPU
		{13F82F6C-5604-4498-9112-ADF8E8B5BC42}.Debug|x86.ActiveCfg = Debug|Any CPU
		{13F82F6C-5604-4498-9112-ADF8E8B5BC42}.Debug|x86.Build.0 = Debug|Any CPU
		{13F82F6C-5604-4498-9112-ADF8E8B5BC42}.Debug|x86.Deploy.0 = Debug|Any CPU
		{13F82F6C-5604-4498-9112-ADF8E8B5BC42}.Release|Any CPU.ActiveCfg = Release|Any CPU
		{13F82F6C-5604-4498-9112-ADF8E8B5BC42}.Release|Any CPU.Build.0 = Release|Any CPU
		{13F82F6C-5604-4498-9112-ADF8E8B5BC42}.Release|Any CPU.Deploy.0 = Release|Any CPU
		{13F82F6C-5604-4498-9112-ADF8E8B5BC42}.Release|ARM.ActiveCfg = Release|Any CPU
		{13F82F6C-5604-4498-9112-ADF8E8B5BC42}.Release|ARM.Build.0 = Release|Any CPU
		{13F82F6C-5604-4498-9112-ADF8E8B5BC42}.Release|ARM.Deploy.0 = Release|Any CPU
		{13F82F6C-5604-4498-9112-ADF8E8B5BC42}.Release|iPhone.ActiveCfg = Release|Any CPU
		{13F82F6C-5604-4498-9112-ADF8E8B5BC42}.Release|iPhone.Build.0 = Release|Any CPU
		{13F82F6C-5604-4498-9112-ADF8E8B5BC42}.Release|iPhone.Deploy.0 = Release|Any CPU
		{13F82F6C-5604-4498-9112-ADF8E8B5BC42}.Release|iPhoneSimulator.ActiveCfg = Release|Any CPU
		{13F82F6C-5604-4498-9112-ADF8E8B5BC42}.Release|iPhoneSimulator.Build.0 = Release|Any CPU
		{13F82F6C-5604-4498-9112-ADF8E8B5BC42}.Release|iPhoneSimulator.Deploy.0 = Release|Any CPU
		{13F82F6C-5604-4498-9112-ADF8E8B5BC42}.Release|x64.ActiveCfg = Release|Any CPU
		{13F82F6C-5604-4498-9112-ADF8E8B5BC42}.Release|x64.Build.0 = Release|Any CPU
		{13F82F6C-5604-4498-9112-ADF8E8B5BC42}.Release|x64.Deploy.0 = Release|Any CPU
		{13F82F6C-5604-4498-9112-ADF8E8B5BC42}.Release|x86.ActiveCfg = Release|Any CPU
		{13F82F6C-5604-4498-9112-ADF8E8B5BC42}.Release|x86.Build.0 = Release|Any CPU
		{13F82F6C-5604-4498-9112-ADF8E8B5BC42}.Release|x86.Deploy.0 = Release|Any CPU
		{D901F17B-3EAD-4E5A-80B4-B4D3D672A250}.Ad-Hoc|Any CPU.ActiveCfg = Ad-Hoc|iPhone
		{D901F17B-3EAD-4E5A-80B4-B4D3D672A250}.Ad-Hoc|ARM.ActiveCfg = Ad-Hoc|iPhone
		{D901F17B-3EAD-4E5A-80B4-B4D3D672A250}.Ad-Hoc|iPhone.ActiveCfg = Ad-Hoc|iPhone
		{D901F17B-3EAD-4E5A-80B4-B4D3D672A250}.Ad-Hoc|iPhone.Build.0 = Ad-Hoc|iPhone
		{D901F17B-3EAD-4E5A-80B4-B4D3D672A250}.Ad-Hoc|iPhoneSimulator.ActiveCfg = Ad-Hoc|iPhoneSimulator
		{D901F17B-3EAD-4E5A-80B4-B4D3D672A250}.Ad-Hoc|iPhoneSimulator.Build.0 = Ad-Hoc|iPhoneSimulator
		{D901F17B-3EAD-4E5A-80B4-B4D3D672A250}.Ad-Hoc|x64.ActiveCfg = Ad-Hoc|iPhone
		{D901F17B-3EAD-4E5A-80B4-B4D3D672A250}.Ad-Hoc|x86.ActiveCfg = Ad-Hoc|iPhone
		{D901F17B-3EAD-4E5A-80B4-B4D3D672A250}.AppStore|Any CPU.ActiveCfg = AppStore|iPhone
		{D901F17B-3EAD-4E5A-80B4-B4D3D672A250}.AppStore|ARM.ActiveCfg = AppStore|iPhone
		{D901F17B-3EAD-4E5A-80B4-B4D3D672A250}.AppStore|iPhone.ActiveCfg = AppStore|iPhone
		{D901F17B-3EAD-4E5A-80B4-B4D3D672A250}.AppStore|iPhone.Build.0 = AppStore|iPhone
		{D901F17B-3EAD-4E5A-80B4-B4D3D672A250}.AppStore|iPhoneSimulator.ActiveCfg = AppStore|iPhoneSimulator
		{D901F17B-3EAD-4E5A-80B4-B4D3D672A250}.AppStore|iPhoneSimulator.Build.0 = AppStore|iPhoneSimulator
		{D901F17B-3EAD-4E5A-80B4-B4D3D672A250}.AppStore|x64.ActiveCfg = AppStore|iPhone
		{D901F17B-3EAD-4E5A-80B4-B4D3D672A250}.AppStore|x86.ActiveCfg = AppStore|iPhone
		{D901F17B-3EAD-4E5A-80B4-B4D3D672A250}.Debug|Any CPU.ActiveCfg = Debug|iPhone
		{D901F17B-3EAD-4E5A-80B4-B4D3D672A250}.Debug|ARM.ActiveCfg = Debug|iPhone
		{D901F17B-3EAD-4E5A-80B4-B4D3D672A250}.Debug|iPhone.ActiveCfg = Debug|iPhone
		{D901F17B-3EAD-4E5A-80B4-B4D3D672A250}.Debug|iPhoneSimulator.ActiveCfg = Debug|iPhoneSimulator
		{D901F17B-3EAD-4E5A-80B4-B4D3D672A250}.Debug|iPhoneSimulator.Build.0 = Debug|iPhoneSimulator
		{D901F17B-3EAD-4E5A-80B4-B4D3D672A250}.Debug|x64.ActiveCfg = Debug|iPhone
		{D901F17B-3EAD-4E5A-80B4-B4D3D672A250}.Debug|x86.ActiveCfg = Debug|iPhone
		{D901F17B-3EAD-4E5A-80B4-B4D3D672A250}.Release|Any CPU.ActiveCfg = Release|iPhone
		{D901F17B-3EAD-4E5A-80B4-B4D3D672A250}.Release|ARM.ActiveCfg = Release|iPhone
		{D901F17B-3EAD-4E5A-80B4-B4D3D672A250}.Release|iPhone.ActiveCfg = Release|iPhone
		{D901F17B-3EAD-4E5A-80B4-B4D3D672A250}.Release|iPhone.Build.0 = Release|iPhone
		{D901F17B-3EAD-4E5A-80B4-B4D3D672A250}.Release|iPhoneSimulator.ActiveCfg = Release|iPhoneSimulator
		{D901F17B-3EAD-4E5A-80B4-B4D3D672A250}.Release|iPhoneSimulator.Build.0 = Release|iPhoneSimulator
		{D901F17B-3EAD-4E5A-80B4-B4D3D672A250}.Release|x64.ActiveCfg = Release|iPhone
		{D901F17B-3EAD-4E5A-80B4-B4D3D672A250}.Release|x86.ActiveCfg = Release|iPhone
		{4186F057-5B0A-4AE3-97A0-3E6B4E896E79}.Ad-Hoc|Any CPU.ActiveCfg = Release|Any CPU
		{4186F057-5B0A-4AE3-97A0-3E6B4E896E79}.Ad-Hoc|Any CPU.Build.0 = Release|Any CPU
		{4186F057-5B0A-4AE3-97A0-3E6B4E896E79}.Ad-Hoc|Any CPU.Deploy.0 = Release|Any CPU
		{4186F057-5B0A-4AE3-97A0-3E6B4E896E79}.Ad-Hoc|ARM.ActiveCfg = Release|ARM
		{4186F057-5B0A-4AE3-97A0-3E6B4E896E79}.Ad-Hoc|ARM.Build.0 = Release|ARM
		{4186F057-5B0A-4AE3-97A0-3E6B4E896E79}.Ad-Hoc|ARM.Deploy.0 = Release|ARM
		{4186F057-5B0A-4AE3-97A0-3E6B4E896E79}.Ad-Hoc|iPhone.ActiveCfg = Release|Any CPU
		{4186F057-5B0A-4AE3-97A0-3E6B4E896E79}.Ad-Hoc|iPhone.Build.0 = Release|Any CPU
		{4186F057-5B0A-4AE3-97A0-3E6B4E896E79}.Ad-Hoc|iPhone.Deploy.0 = Release|Any CPU
		{4186F057-5B0A-4AE3-97A0-3E6B4E896E79}.Ad-Hoc|iPhoneSimulator.ActiveCfg = Release|Any CPU
		{4186F057-5B0A-4AE3-97A0-3E6B4E896E79}.Ad-Hoc|iPhoneSimulator.Build.0 = Release|Any CPU
		{4186F057-5B0A-4AE3-97A0-3E6B4E896E79}.Ad-Hoc|iPhoneSimulator.Deploy.0 = Release|Any CPU
		{4186F057-5B0A-4AE3-97A0-3E6B4E896E79}.Ad-Hoc|x64.ActiveCfg = Release|Any CPU
		{4186F057-5B0A-4AE3-97A0-3E6B4E896E79}.Ad-Hoc|x64.Build.0 = Release|Any CPU
		{4186F057-5B0A-4AE3-97A0-3E6B4E896E79}.Ad-Hoc|x64.Deploy.0 = Release|Any CPU
		{4186F057-5B0A-4AE3-97A0-3E6B4E896E79}.Ad-Hoc|x86.ActiveCfg = Release|x86
		{4186F057-5B0A-4AE3-97A0-3E6B4E896E79}.Ad-Hoc|x86.Build.0 = Release|x86
		{4186F057-5B0A-4AE3-97A0-3E6B4E896E79}.Ad-Hoc|x86.Deploy.0 = Release|x86
		{4186F057-5B0A-4AE3-97A0-3E6B4E896E79}.AppStore|Any CPU.ActiveCfg = Release|Any CPU
		{4186F057-5B0A-4AE3-97A0-3E6B4E896E79}.AppStore|Any CPU.Build.0 = Release|Any CPU
		{4186F057-5B0A-4AE3-97A0-3E6B4E896E79}.AppStore|Any CPU.Deploy.0 = Release|Any CPU
		{4186F057-5B0A-4AE3-97A0-3E6B4E896E79}.AppStore|ARM.ActiveCfg = Release|ARM
		{4186F057-5B0A-4AE3-97A0-3E6B4E896E79}.AppStore|ARM.Build.0 = Release|ARM
		{4186F057-5B0A-4AE3-97A0-3E6B4E896E79}.AppStore|ARM.Deploy.0 = Release|ARM
		{4186F057-5B0A-4AE3-97A0-3E6B4E896E79}.AppStore|iPhone.ActiveCfg = Release|Any CPU
		{4186F057-5B0A-4AE3-97A0-3E6B4E896E79}.AppStore|iPhone.Build.0 = Release|Any CPU
		{4186F057-5B0A-4AE3-97A0-3E6B4E896E79}.AppStore|iPhone.Deploy.0 = Release|Any CPU
		{4186F057-5B0A-4AE3-97A0-3E6B4E896E79}.AppStore|iPhoneSimulator.ActiveCfg = Release|Any CPU
		{4186F057-5B0A-4AE3-97A0-3E6B4E896E79}.AppStore|iPhoneSimulator.Build.0 = Release|Any CPU
		{4186F057-5B0A-4AE3-97A0-3E6B4E896E79}.AppStore|iPhoneSimulator.Deploy.0 = Release|Any CPU
		{4186F057-5B0A-4AE3-97A0-3E6B4E896E79}.AppStore|x64.ActiveCfg = Release|Any CPU
		{4186F057-5B0A-4AE3-97A0-3E6B4E896E79}.AppStore|x64.Build.0 = Release|Any CPU
		{4186F057-5B0A-4AE3-97A0-3E6B4E896E79}.AppStore|x64.Deploy.0 = Release|Any CPU
		{4186F057-5B0A-4AE3-97A0-3E6B4E896E79}.AppStore|x86.ActiveCfg = Release|x86
		{4186F057-5B0A-4AE3-97A0-3E6B4E896E79}.AppStore|x86.Build.0 = Release|x86
		{4186F057-5B0A-4AE3-97A0-3E6B4E896E79}.AppStore|x86.Deploy.0 = Release|x86
		{4186F057-5B0A-4AE3-97A0-3E6B4E896E79}.Debug|Any CPU.ActiveCfg = Debug|Any CPU
		{4186F057-5B0A-4AE3-97A0-3E6B4E896E79}.Debug|Any CPU.Build.0 = Debug|Any CPU
		{4186F057-5B0A-4AE3-97A0-3E6B4E896E79}.Debug|Any CPU.Deploy.0 = Debug|Any CPU
		{4186F057-5B0A-4AE3-97A0-3E6B4E896E79}.Debug|ARM.ActiveCfg = Debug|ARM
		{4186F057-5B0A-4AE3-97A0-3E6B4E896E79}.Debug|ARM.Build.0 = Debug|ARM
		{4186F057-5B0A-4AE3-97A0-3E6B4E896E79}.Debug|ARM.Deploy.0 = Debug|ARM
		{4186F057-5B0A-4AE3-97A0-3E6B4E896E79}.Debug|iPhone.ActiveCfg = Debug|Any CPU
		{4186F057-5B0A-4AE3-97A0-3E6B4E896E79}.Debug|iPhoneSimulator.ActiveCfg = Debug|Any CPU
		{4186F057-5B0A-4AE3-97A0-3E6B4E896E79}.Debug|iPhoneSimulator.Build.0 = Debug|Any CPU
		{4186F057-5B0A-4AE3-97A0-3E6B4E896E79}.Debug|iPhoneSimulator.Deploy.0 = Debug|Any CPU
		{4186F057-5B0A-4AE3-97A0-3E6B4E896E79}.Debug|x64.ActiveCfg = Debug|Any CPU
		{4186F057-5B0A-4AE3-97A0-3E6B4E896E79}.Debug|x64.Build.0 = Debug|Any CPU
		{4186F057-5B0A-4AE3-97A0-3E6B4E896E79}.Debug|x64.Deploy.0 = Debug|Any CPU
		{4186F057-5B0A-4AE3-97A0-3E6B4E896E79}.Debug|x86.ActiveCfg = Debug|x86
		{4186F057-5B0A-4AE3-97A0-3E6B4E896E79}.Debug|x86.Build.0 = Debug|x86
		{4186F057-5B0A-4AE3-97A0-3E6B4E896E79}.Debug|x86.Deploy.0 = Debug|x86
		{4186F057-5B0A-4AE3-97A0-3E6B4E896E79}.Release|Any CPU.ActiveCfg = Release|Any CPU
		{4186F057-5B0A-4AE3-97A0-3E6B4E896E79}.Release|Any CPU.Build.0 = Release|Any CPU
		{4186F057-5B0A-4AE3-97A0-3E6B4E896E79}.Release|Any CPU.Deploy.0 = Release|Any CPU
		{4186F057-5B0A-4AE3-97A0-3E6B4E896E79}.Release|ARM.ActiveCfg = Release|ARM
		{4186F057-5B0A-4AE3-97A0-3E6B4E896E79}.Release|ARM.Build.0 = Release|ARM
		{4186F057-5B0A-4AE3-97A0-3E6B4E896E79}.Release|ARM.Deploy.0 = Release|ARM
		{4186F057-5B0A-4AE3-97A0-3E6B4E896E79}.Release|iPhone.ActiveCfg = Release|Any CPU
		{4186F057-5B0A-4AE3-97A0-3E6B4E896E79}.Release|iPhone.Build.0 = Release|Any CPU
		{4186F057-5B0A-4AE3-97A0-3E6B4E896E79}.Release|iPhone.Deploy.0 = Release|Any CPU
		{4186F057-5B0A-4AE3-97A0-3E6B4E896E79}.Release|iPhoneSimulator.ActiveCfg = Release|Any CPU
		{4186F057-5B0A-4AE3-97A0-3E6B4E896E79}.Release|iPhoneSimulator.Build.0 = Release|Any CPU
		{4186F057-5B0A-4AE3-97A0-3E6B4E896E79}.Release|iPhoneSimulator.Deploy.0 = Release|Any CPU
		{4186F057-5B0A-4AE3-97A0-3E6B4E896E79}.Release|x64.ActiveCfg = Release|Any CPU
		{4186F057-5B0A-4AE3-97A0-3E6B4E896E79}.Release|x64.Build.0 = Release|Any CPU
		{4186F057-5B0A-4AE3-97A0-3E6B4E896E79}.Release|x64.Deploy.0 = Release|Any CPU
		{4186F057-5B0A-4AE3-97A0-3E6B4E896E79}.Release|x86.ActiveCfg = Release|x86
		{4186F057-5B0A-4AE3-97A0-3E6B4E896E79}.Release|x86.Build.0 = Release|x86
		{4186F057-5B0A-4AE3-97A0-3E6B4E896E79}.Release|x86.Deploy.0 = Release|x86
		{646D6270-2C66-4080-877C-519C4F193E5A}.Ad-Hoc|Any CPU.ActiveCfg = Release|x86
		{646D6270-2C66-4080-877C-519C4F193E5A}.Ad-Hoc|Any CPU.Build.0 = Release|x86
		{646D6270-2C66-4080-877C-519C4F193E5A}.Ad-Hoc|Any CPU.Deploy.0 = Release|x86
		{646D6270-2C66-4080-877C-519C4F193E5A}.Ad-Hoc|ARM.ActiveCfg = Release|ARM
		{646D6270-2C66-4080-877C-519C4F193E5A}.Ad-Hoc|ARM.Build.0 = Release|ARM
		{646D6270-2C66-4080-877C-519C4F193E5A}.Ad-Hoc|ARM.Deploy.0 = Release|ARM
		{646D6270-2C66-4080-877C-519C4F193E5A}.Ad-Hoc|iPhone.ActiveCfg = Release|x86
		{646D6270-2C66-4080-877C-519C4F193E5A}.Ad-Hoc|iPhone.Build.0 = Release|x86
		{646D6270-2C66-4080-877C-519C4F193E5A}.Ad-Hoc|iPhone.Deploy.0 = Release|x86
		{646D6270-2C66-4080-877C-519C4F193E5A}.Ad-Hoc|iPhoneSimulator.ActiveCfg = Release|x86
		{646D6270-2C66-4080-877C-519C4F193E5A}.Ad-Hoc|iPhoneSimulator.Build.0 = Release|x86
		{646D6270-2C66-4080-877C-519C4F193E5A}.Ad-Hoc|iPhoneSimulator.Deploy.0 = Release|x86
		{646D6270-2C66-4080-877C-519C4F193E5A}.Ad-Hoc|x64.ActiveCfg = Release|x64
		{646D6270-2C66-4080-877C-519C4F193E5A}.Ad-Hoc|x64.Build.0 = Release|x64
		{646D6270-2C66-4080-877C-519C4F193E5A}.Ad-Hoc|x64.Deploy.0 = Release|x64
		{646D6270-2C66-4080-877C-519C4F193E5A}.Ad-Hoc|x86.ActiveCfg = Release|x86
		{646D6270-2C66-4080-877C-519C4F193E5A}.Ad-Hoc|x86.Build.0 = Release|x86
		{646D6270-2C66-4080-877C-519C4F193E5A}.Ad-Hoc|x86.Deploy.0 = Release|x86
		{646D6270-2C66-4080-877C-519C4F193E5A}.AppStore|Any CPU.ActiveCfg = Release|x86
		{646D6270-2C66-4080-877C-519C4F193E5A}.AppStore|Any CPU.Build.0 = Release|x86
		{646D6270-2C66-4080-877C-519C4F193E5A}.AppStore|Any CPU.Deploy.0 = Release|x86
		{646D6270-2C66-4080-877C-519C4F193E5A}.AppStore|ARM.ActiveCfg = Release|ARM
		{646D6270-2C66-4080-877C-519C4F193E5A}.AppStore|ARM.Build.0 = Release|ARM
		{646D6270-2C66-4080-877C-519C4F193E5A}.AppStore|ARM.Deploy.0 = Release|ARM
		{646D6270-2C66-4080-877C-519C4F193E5A}.AppStore|iPhone.ActiveCfg = Release|x86
		{646D6270-2C66-4080-877C-519C4F193E5A}.AppStore|iPhone.Build.0 = Release|x86
		{646D6270-2C66-4080-877C-519C4F193E5A}.AppStore|iPhone.Deploy.0 = Release|x86
		{646D6270-2C66-4080-877C-519C4F193E5A}.AppStore|iPhoneSimulator.ActiveCfg = Release|x86
		{646D6270-2C66-4080-877C-519C4F193E5A}.AppStore|iPhoneSimulator.Build.0 = Release|x86
		{646D6270-2C66-4080-877C-519C4F193E5A}.AppStore|iPhoneSimulator.Deploy.0 = Release|x86
		{646D6270-2C66-4080-877C-519C4F193E5A}.AppStore|x64.ActiveCfg = Release|x64
		{646D6270-2C66-4080-877C-519C4F193E5A}.AppStore|x64.Build.0 = Release|x64
		{646D6270-2C66-4080-877C-519C4F193E5A}.AppStore|x64.Deploy.0 = Release|x64
		{646D6270-2C66-4080-877C-519C4F193E5A}.AppStore|x86.ActiveCfg = Release|x86
		{646D6270-2C66-4080-877C-519C4F193E5A}.AppStore|x86.Build.0 = Release|x86
		{646D6270-2C66-4080-877C-519C4F193E5A}.AppStore|x86.Deploy.0 = Release|x86
		{646D6270-2C66-4080-877C-519C4F193E5A}.Debug|Any CPU.ActiveCfg = Debug|x86
		{646D6270-2C66-4080-877C-519C4F193E5A}.Debug|ARM.ActiveCfg = Debug|ARM
		{646D6270-2C66-4080-877C-519C4F193E5A}.Debug|ARM.Build.0 = Debug|ARM
		{646D6270-2C66-4080-877C-519C4F193E5A}.Debug|ARM.Deploy.0 = Debug|ARM
		{646D6270-2C66-4080-877C-519C4F193E5A}.Debug|iPhone.ActiveCfg = Debug|x86
		{646D6270-2C66-4080-877C-519C4F193E5A}.Debug|iPhone.Build.0 = Debug|x86
		{646D6270-2C66-4080-877C-519C4F193E5A}.Debug|iPhone.Deploy.0 = Debug|x86
		{646D6270-2C66-4080-877C-519C4F193E5A}.Debug|iPhoneSimulator.ActiveCfg = Debug|x86
		{646D6270-2C66-4080-877C-519C4F193E5A}.Debug|x64.ActiveCfg = Debug|x64
		{646D6270-2C66-4080-877C-519C4F193E5A}.Debug|x64.Build.0 = Debug|x64
		{646D6270-2C66-4080-877C-519C4F193E5A}.Debug|x64.Deploy.0 = Debug|x64
		{646D6270-2C66-4080-877C-519C4F193E5A}.Debug|x86.ActiveCfg = Debug|x86
		{646D6270-2C66-4080-877C-519C4F193E5A}.Debug|x86.Build.0 = Debug|x86
		{646D6270-2C66-4080-877C-519C4F193E5A}.Debug|x86.Deploy.0 = Debug|x86
		{646D6270-2C66-4080-877C-519C4F193E5A}.Release|Any CPU.ActiveCfg = Release|x86
		{646D6270-2C66-4080-877C-519C4F193E5A}.Release|ARM.ActiveCfg = Release|ARM
		{646D6270-2C66-4080-877C-519C4F193E5A}.Release|ARM.Build.0 = Release|ARM
		{646D6270-2C66-4080-877C-519C4F193E5A}.Release|ARM.Deploy.0 = Release|ARM
		{646D6270-2C66-4080-877C-519C4F193E5A}.Release|iPhone.ActiveCfg = Release|x86
		{646D6270-2C66-4080-877C-519C4F193E5A}.Release|iPhoneSimulator.ActiveCfg = Release|x86
		{646D6270-2C66-4080-877C-519C4F193E5A}.Release|x64.ActiveCfg = Release|x64
		{646D6270-2C66-4080-877C-519C4F193E5A}.Release|x64.Build.0 = Release|x64
		{646D6270-2C66-4080-877C-519C4F193E5A}.Release|x64.Deploy.0 = Release|x64
		{646D6270-2C66-4080-877C-519C4F193E5A}.Release|x86.ActiveCfg = Release|x86
		{646D6270-2C66-4080-877C-519C4F193E5A}.Release|x86.Build.0 = Release|x86
		{646D6270-2C66-4080-877C-519C4F193E5A}.Release|x86.Deploy.0 = Release|x86
		{BB90DE44-AB4E-4353-812A-E9CF4B270098}.Ad-Hoc|Any CPU.ActiveCfg = Release|Any CPU
		{BB90DE44-AB4E-4353-812A-E9CF4B270098}.Ad-Hoc|Any CPU.Build.0 = Release|Any CPU
		{BB90DE44-AB4E-4353-812A-E9CF4B270098}.Ad-Hoc|Any CPU.Deploy.0 = Release|Any CPU
		{BB90DE44-AB4E-4353-812A-E9CF4B270098}.Ad-Hoc|ARM.ActiveCfg = Release|ARM
		{BB90DE44-AB4E-4353-812A-E9CF4B270098}.Ad-Hoc|ARM.Build.0 = Release|ARM
		{BB90DE44-AB4E-4353-812A-E9CF4B270098}.Ad-Hoc|ARM.Deploy.0 = Release|ARM
		{BB90DE44-AB4E-4353-812A-E9CF4B270098}.Ad-Hoc|iPhone.ActiveCfg = Release|Any CPU
		{BB90DE44-AB4E-4353-812A-E9CF4B270098}.Ad-Hoc|iPhone.Build.0 = Release|Any CPU
		{BB90DE44-AB4E-4353-812A-E9CF4B270098}.Ad-Hoc|iPhone.Deploy.0 = Release|Any CPU
		{BB90DE44-AB4E-4353-812A-E9CF4B270098}.Ad-Hoc|iPhoneSimulator.ActiveCfg = Release|Any CPU
		{BB90DE44-AB4E-4353-812A-E9CF4B270098}.Ad-Hoc|iPhoneSimulator.Build.0 = Release|Any CPU
		{BB90DE44-AB4E-4353-812A-E9CF4B270098}.Ad-Hoc|iPhoneSimulator.Deploy.0 = Release|Any CPU
		{BB90DE44-AB4E-4353-812A-E9CF4B270098}.Ad-Hoc|x64.ActiveCfg = Release|x64
		{BB90DE44-AB4E-4353-812A-E9CF4B270098}.Ad-Hoc|x64.Build.0 = Release|x64
		{BB90DE44-AB4E-4353-812A-E9CF4B270098}.Ad-Hoc|x64.Deploy.0 = Release|x64
		{BB90DE44-AB4E-4353-812A-E9CF4B270098}.Ad-Hoc|x86.ActiveCfg = Release|x86
		{BB90DE44-AB4E-4353-812A-E9CF4B270098}.Ad-Hoc|x86.Build.0 = Release|x86
		{BB90DE44-AB4E-4353-812A-E9CF4B270098}.Ad-Hoc|x86.Deploy.0 = Release|x86
		{BB90DE44-AB4E-4353-812A-E9CF4B270098}.AppStore|Any CPU.ActiveCfg = Release|Any CPU
		{BB90DE44-AB4E-4353-812A-E9CF4B270098}.AppStore|Any CPU.Build.0 = Release|Any CPU
		{BB90DE44-AB4E-4353-812A-E9CF4B270098}.AppStore|Any CPU.Deploy.0 = Release|Any CPU
		{BB90DE44-AB4E-4353-812A-E9CF4B270098}.AppStore|ARM.ActiveCfg = Release|ARM
		{BB90DE44-AB4E-4353-812A-E9CF4B270098}.AppStore|ARM.Build.0 = Release|ARM
		{BB90DE44-AB4E-4353-812A-E9CF4B270098}.AppStore|ARM.Deploy.0 = Release|ARM
		{BB90DE44-AB4E-4353-812A-E9CF4B270098}.AppStore|iPhone.ActiveCfg = Release|Any CPU
		{BB90DE44-AB4E-4353-812A-E9CF4B270098}.AppStore|iPhone.Build.0 = Release|Any CPU
		{BB90DE44-AB4E-4353-812A-E9CF4B270098}.AppStore|iPhone.Deploy.0 = Release|Any CPU
		{BB90DE44-AB4E-4353-812A-E9CF4B270098}.AppStore|iPhoneSimulator.ActiveCfg = Release|Any CPU
		{BB90DE44-AB4E-4353-812A-E9CF4B270098}.AppStore|iPhoneSimulator.Build.0 = Release|Any CPU
		{BB90DE44-AB4E-4353-812A-E9CF4B270098}.AppStore|iPhoneSimulator.Deploy.0 = Release|Any CPU
		{BB90DE44-AB4E-4353-812A-E9CF4B270098}.AppStore|x64.ActiveCfg = Release|x64
		{BB90DE44-AB4E-4353-812A-E9CF4B270098}.AppStore|x64.Build.0 = Release|x64
		{BB90DE44-AB4E-4353-812A-E9CF4B270098}.AppStore|x64.Deploy.0 = Release|x64
		{BB90DE44-AB4E-4353-812A-E9CF4B270098}.AppStore|x86.ActiveCfg = Release|x86
		{BB90DE44-AB4E-4353-812A-E9CF4B270098}.AppStore|x86.Build.0 = Release|x86
		{BB90DE44-AB4E-4353-812A-E9CF4B270098}.AppStore|x86.Deploy.0 = Release|x86
		{BB90DE44-AB4E-4353-812A-E9CF4B270098}.Debug|Any CPU.ActiveCfg = Debug|Any CPU
		{BB90DE44-AB4E-4353-812A-E9CF4B270098}.Debug|Any CPU.Build.0 = Debug|Any CPU
		{BB90DE44-AB4E-4353-812A-E9CF4B270098}.Debug|Any CPU.Deploy.0 = Debug|Any CPU
		{BB90DE44-AB4E-4353-812A-E9CF4B270098}.Debug|ARM.ActiveCfg = Debug|ARM
		{BB90DE44-AB4E-4353-812A-E9CF4B270098}.Debug|ARM.Build.0 = Debug|ARM
		{BB90DE44-AB4E-4353-812A-E9CF4B270098}.Debug|ARM.Deploy.0 = Debug|ARM
		{BB90DE44-AB4E-4353-812A-E9CF4B270098}.Debug|iPhone.ActiveCfg = Debug|Any CPU
		{BB90DE44-AB4E-4353-812A-E9CF4B270098}.Debug|iPhoneSimulator.ActiveCfg = Debug|Any CPU
		{BB90DE44-AB4E-4353-812A-E9CF4B270098}.Debug|iPhoneSimulator.Build.0 = Debug|Any CPU
		{BB90DE44-AB4E-4353-812A-E9CF4B270098}.Debug|iPhoneSimulator.Deploy.0 = Debug|Any CPU
		{BB90DE44-AB4E-4353-812A-E9CF4B270098}.Debug|x64.ActiveCfg = Debug|x64
		{BB90DE44-AB4E-4353-812A-E9CF4B270098}.Debug|x64.Build.0 = Debug|x64
		{BB90DE44-AB4E-4353-812A-E9CF4B270098}.Debug|x64.Deploy.0 = Debug|x64
		{BB90DE44-AB4E-4353-812A-E9CF4B270098}.Debug|x86.ActiveCfg = Debug|x86
		{BB90DE44-AB4E-4353-812A-E9CF4B270098}.Debug|x86.Build.0 = Debug|x86
		{BB90DE44-AB4E-4353-812A-E9CF4B270098}.Debug|x86.Deploy.0 = Debug|x86
		{BB90DE44-AB4E-4353-812A-E9CF4B270098}.Release|Any CPU.ActiveCfg = Release|Any CPU
		{BB90DE44-AB4E-4353-812A-E9CF4B270098}.Release|Any CPU.Build.0 = Release|Any CPU
		{BB90DE44-AB4E-4353-812A-E9CF4B270098}.Release|Any CPU.Deploy.0 = Release|Any CPU
		{BB90DE44-AB4E-4353-812A-E9CF4B270098}.Release|ARM.ActiveCfg = Release|ARM
		{BB90DE44-AB4E-4353-812A-E9CF4B270098}.Release|ARM.Build.0 = Release|ARM
		{BB90DE44-AB4E-4353-812A-E9CF4B270098}.Release|ARM.Deploy.0 = Release|ARM
		{BB90DE44-AB4E-4353-812A-E9CF4B270098}.Release|iPhone.ActiveCfg = Release|Any CPU
		{BB90DE44-AB4E-4353-812A-E9CF4B270098}.Release|iPhone.Build.0 = Release|Any CPU
		{BB90DE44-AB4E-4353-812A-E9CF4B270098}.Release|iPhone.Deploy.0 = Release|Any CPU
		{BB90DE44-AB4E-4353-812A-E9CF4B270098}.Release|iPhoneSimulator.ActiveCfg = Release|Any CPU
		{BB90DE44-AB4E-4353-812A-E9CF4B270098}.Release|iPhoneSimulator.Build.0 = Release|Any CPU
		{BB90DE44-AB4E-4353-812A-E9CF4B270098}.Release|iPhoneSimulator.Deploy.0 = Release|Any CPU
		{BB90DE44-AB4E-4353-812A-E9CF4B270098}.Release|x64.ActiveCfg = Release|x64
		{BB90DE44-AB4E-4353-812A-E9CF4B270098}.Release|x64.Build.0 = Release|x64
		{BB90DE44-AB4E-4353-812A-E9CF4B270098}.Release|x64.Deploy.0 = Release|x64
		{BB90DE44-AB4E-4353-812A-E9CF4B270098}.Release|x86.ActiveCfg = Release|x86
		{BB90DE44-AB4E-4353-812A-E9CF4B270098}.Release|x86.Build.0 = Release|x86
		{BB90DE44-AB4E-4353-812A-E9CF4B270098}.Release|x86.Deploy.0 = Release|x86
	EndGlobalSection
	GlobalSection(SolutionProperties) = preSolution
		HideSolutionNode = FALSE
	EndGlobalSection
EndGlobal
